// !$*UTF8*$!
{
	archiveVersion = 1;
	classes = {
	};
	objectVersion = 46;
	objects = {

/* Begin PBXBuildFile section */
		C1EF1ADA190F35A500A47A7C /* Foundation.framework in Frameworks */ = {isa = PBXBuildFile; fileRef = C1EF1AD9190F35A500A47A7C /* Foundation.framework */; };
		C1EF1ADC190F35A500A47A7C /* CoreGraphics.framework in Frameworks */ = {isa = PBXBuildFile; fileRef = C1EF1ADB190F35A500A47A7C /* CoreGraphics.framework */; };
		C1EF1ADE190F35A500A47A7C /* UIKit.framework in Frameworks */ = {isa = PBXBuildFile; fileRef = C1EF1ADD190F35A500A47A7C /* UIKit.framework */; };
		C1EF1AE4190F35A500A47A7C /* InfoPlist.strings in Resources */ = {isa = PBXBuildFile; fileRef = C1EF1AE2190F35A500A47A7C /* InfoPlist.strings */; };
		C1EF1AE6190F35A500A47A7C /* main.m in Sources */ = {isa = PBXBuildFile; fileRef = C1EF1AE5190F35A500A47A7C /* main.m */; };
		C1EF1AEA190F35A500A47A7C /* AppDelegate.m in Sources */ = {isa = PBXBuildFile; fileRef = C1EF1AE9190F35A500A47A7C /* AppDelegate.m */; };
		C1EF1AED190F35A500A47A7C /* Main.storyboard in Resources */ = {isa = PBXBuildFile; fileRef = C1EF1AEB190F35A500A47A7C /* Main.storyboard */; };
		C1EF1AF0190F35A500A47A7C /* FirstViewController.m in Sources */ = {isa = PBXBuildFile; fileRef = C1EF1AEF190F35A500A47A7C /* FirstViewController.m */; };
		C1EF1AF3190F35A500A47A7C /* SecondViewController.m in Sources */ = {isa = PBXBuildFile; fileRef = C1EF1AF2190F35A500A47A7C /* SecondViewController.m */; };
		C1EF1AF5190F35A600A47A7C /* Images.xcassets in Resources */ = {isa = PBXBuildFile; fileRef = C1EF1AF4190F35A600A47A7C /* Images.xcassets */; };
		C1EF1AFC190F35A600A47A7C /* XCTest.framework in Frameworks */ = {isa = PBXBuildFile; fileRef = C1EF1AFB190F35A600A47A7C /* XCTest.framework */; };
		C1EF1AFD190F35A600A47A7C /* Foundation.framework in Frameworks */ = {isa = PBXBuildFile; fileRef = C1EF1AD9190F35A500A47A7C /* Foundation.framework */; };
		C1EF1AFE190F35A600A47A7C /* UIKit.framework in Frameworks */ = {isa = PBXBuildFile; fileRef = C1EF1ADD190F35A500A47A7C /* UIKit.framework */; };
		C1EF1B06190F35A600A47A7C /* InfoPlist.strings in Resources */ = {isa = PBXBuildFile; fileRef = C1EF1B04190F35A600A47A7C /* InfoPlist.strings */; };
		C1EF1B08190F35A600A47A7C /* FinalExamTests.m in Sources */ = {isa = PBXBuildFile; fileRef = C1EF1B07190F35A600A47A7C /* FinalExamTests.m */; };
/* End PBXBuildFile section */

/* Begin PBXContainerItemProxy section */
		C1EF1AFF190F35A600A47A7C /* PBXContainerItemProxy */ = {
			isa = PBXContainerItemProxy;
			containerPortal = C1EF1ACE190F35A500A47A7C /* Project object */;
			proxyType = 1;
			remoteGlobalIDString = C1EF1AD5190F35A500A47A7C;
			remoteInfo = FinalExam;
		};
/* End PBXContainerItemProxy section */

/* Begin PBXFileReference section */
		C1EF1AD6190F35A500A47A7C /* FinalExam.app */ = {isa = PBXFileReference; explicitFileType = wrapper.application; includeInIndex = 0; path = FinalExam.app; sourceTree = BUILT_PRODUCTS_DIR; };
		C1EF1AD9190F35A500A47A7C /* Foundation.framework */ = {isa = PBXFileReference; lastKnownFileType = wrapper.framework; name = Foundation.framework; path = System/Library/Frameworks/Foundation.framework; sourceTree = SDKROOT; };
		C1EF1ADB190F35A500A47A7C /* CoreGraphics.framework */ = {isa = PBXFileReference; lastKnownFileType = wrapper.framework; name = CoreGraphics.framework; path = System/Library/Frameworks/CoreGraphics.framework; sourceTree = SDKROOT; };
		C1EF1ADD190F35A500A47A7C /* UIKit.framework */ = {isa = PBXFileReference; lastKnownFileType = wrapper.framework; name = UIKit.framework; path = System/Library/Frameworks/UIKit.framework; sourceTree = SDKROOT; };
		C1EF1AE1190F35A500A47A7C /* FinalExam-Info.plist */ = {isa = PBXFileReference; lastKnownFileType = text.plist.xml; path = "FinalExam-Info.plist"; sourceTree = "<group>"; };
		C1EF1AE3190F35A500A47A7C /* en */ = {isa = PBXFileReference; lastKnownFileType = text.plist.strings; name = en; path = en.lproj/InfoPlist.strings; sourceTree = "<group>"; };
		C1EF1AE5190F35A500A47A7C /* main.m */ = {isa = PBXFileReference; lastKnownFileType = sourcecode.c.objc; path = main.m; sourceTree = "<group>"; };
		C1EF1AE7190F35A500A47A7C /* FinalExam-Prefix.pch */ = {isa = PBXFileReference; lastKnownFileType = sourcecode.c.h; path = "FinalExam-Prefix.pch"; sourceTree = "<group>"; };
		C1EF1AE8190F35A500A47A7C /* AppDelegate.h */ = {isa = PBXFileReference; lastKnownFileType = sourcecode.c.h; path = AppDelegate.h; sourceTree = "<group>"; };
		C1EF1AE9190F35A500A47A7C /* AppDelegate.m */ = {isa = PBXFileReference; lastKnownFileType = sourcecode.c.objc; path = AppDelegate.m; sourceTree = "<group>"; };
		C1EF1AEC190F35A500A47A7C /* Base */ = {isa = PBXFileReference; lastKnownFileType = file.storyboard; name = Base; path = Base.lproj/Main.storyboard; sourceTree = "<group>"; };
		C1EF1AEE190F35A500A47A7C /* FirstViewController.h */ = {isa = PBXFileReference; lastKnownFileType = sourcecode.c.h; path = FirstViewController.h; sourceTree = "<group>"; };
		C1EF1AEF190F35A500A47A7C /* FirstViewController.m */ = {isa = PBXFileReference; lastKnownFileType = sourcecode.c.objc; path = FirstViewController.m; sourceTree = "<group>"; };
		C1EF1AF1190F35A500A47A7C /* SecondViewController.h */ = {isa = PBXFileReference; lastKnownFileType = sourcecode.c.h; path = SecondViewController.h; sourceTree = "<group>"; };
		C1EF1AF2190F35A500A47A7C /* SecondViewController.m */ = {isa = PBXFileReference; lastKnownFileType = sourcecode.c.objc; path = SecondViewController.m; sourceTree = "<group>"; };
		C1EF1AF4190F35A600A47A7C /* Images.xcassets */ = {isa = PBXFileReference; lastKnownFileType = folder.assetcatalog; path = Images.xcassets; sourceTree = "<group>"; };
		C1EF1AFA190F35A600A47A7C /* FinalExamTests.xctest */ = {isa = PBXFileReference; explicitFileType = wrapper.cfbundle; includeInIndex = 0; path = FinalExamTests.xctest; sourceTree = BUILT_PRODUCTS_DIR; };
		C1EF1AFB190F35A600A47A7C /* XCTest.framework */ = {isa = PBXFileReference; lastKnownFileType = wrapper.framework; name = XCTest.framework; path = Library/Frameworks/XCTest.framework; sourceTree = DEVELOPER_DIR; };
		C1EF1B03190F35A600A47A7C /* FinalExamTests-Info.plist */ = {isa = PBXFileReference; lastKnownFileType = text.plist.xml; path = "FinalExamTests-Info.plist"; sourceTree = "<group>"; };
		C1EF1B05190F35A600A47A7C /* en */ = {isa = PBXFileReference; lastKnownFileType = text.plist.strings; name = en; path = en.lproj/InfoPlist.strings; sourceTree = "<group>"; };
		C1EF1B07190F35A600A47A7C /* FinalExamTests.m */ = {isa = PBXFileReference; lastKnownFileType = sourcecode.c.objc; path = FinalExamTests.m; sourceTree = "<group>"; };
/* End PBXFileReference section */

/* Begin PBXFrameworksBuildPhase section */
		C1EF1AD3190F35A500A47A7C /* Frameworks */ = {
			isa = PBXFrameworksBuildPhase;
			buildActionMask = 2147483647;
			files = (
				C1EF1ADC190F35A500A47A7C /* CoreGraphics.framework in Frameworks */,
				C1EF1ADE190F35A500A47A7C /* UIKit.framework in Frameworks */,
				C1EF1ADA190F35A500A47A7C /* Foundation.framework in Frameworks */,
			);
			runOnlyForDeploymentPostprocessing = 0;
		};
		C1EF1AF7190F35A600A47A7C /* Frameworks */ = {
			isa = PBXFrameworksBuildPhase;
			buildActionMask = 2147483647;
			files = (
				C1EF1AFC190F35A600A47A7C /* XCTest.framework in Frameworks */,
				C1EF1AFE190F35A600A47A7C /* UIKit.framework in Frameworks */,
				C1EF1AFD190F35A600A47A7C /* Foundation.framework in Frameworks */,
			);
			runOnlyForDeploymentPostprocessing = 0;
		};
/* End PBXFrameworksBuildPhase section */

/* Begin PBXGroup section */
		C1EF1ACD190F35A500A47A7C = {
			isa = PBXGroup;
			children = (
				C1EF1ADF190F35A500A47A7C /* FinalExam */,
				C1EF1B01190F35A600A47A7C /* FinalExamTests */,
				C1EF1AD8190F35A500A47A7C /* Frameworks */,
				C1EF1AD7190F35A500A47A7C /* Products */,
			);
			sourceTree = "<group>";
		};
		C1EF1AD7190F35A500A47A7C /* Products */ = {
			isa = PBXGroup;
			children = (
				C1EF1AD6190F35A500A47A7C /* FinalExam.app */,
				C1EF1AFA190F35A600A47A7C /* FinalExamTests.xctest */,
			);
			name = Products;
			sourceTree = "<group>";
		};
		C1EF1AD8190F35A500A47A7C /* Frameworks */ = {
			isa = PBXGroup;
			children = (
				C1EF1AD9190F35A500A47A7C /* Foundation.framework */,
				C1EF1ADB190F35A500A47A7C /* CoreGraphics.framework */,
				C1EF1ADD190F35A500A47A7C /* UIKit.framework */,
				C1EF1AFB190F35A600A47A7C /* XCTest.framework */,
			);
			name = Frameworks;
			sourceTree = "<group>";
		};
		C1EF1ADF190F35A500A47A7C /* FinalExam */ = {
			isa = PBXGroup;
			children = (
				C1EF1AE8190F35A500A47A7C /* AppDelegate.h */,
				C1EF1AE9190F35A500A47A7C /* AppDelegate.m */,
				C1EF1AEB190F35A500A47A7C /* Main.storyboard */,
				C1EF1AEE190F35A500A47A7C /* FirstViewController.h */,
				C1EF1AEF190F35A500A47A7C /* FirstViewController.m */,
				C1EF1AF1190F35A500A47A7C /* SecondViewController.h */,
				C1EF1AF2190F35A500A47A7C /* SecondViewController.m */,
				C1EF1AF4190F35A600A47A7C /* Images.xcassets */,
				C1EF1AE0190F35A500A47A7C /* Supporting Files */,
			);
			path = FinalExam;
			sourceTree = "<group>";
		};
		C1EF1AE0190F35A500A47A7C /* Supporting Files */ = {
			isa = PBXGroup;
			children = (
				C1EF1AE1190F35A500A47A7C /* FinalExam-Info.plist */,
				C1EF1AE2190F35A500A47A7C /* InfoPlist.strings */,
				C1EF1AE5190F35A500A47A7C /* main.m */,
				C1EF1AE7190F35A500A47A7C /* FinalExam-Prefix.pch */,
			);
			name = "Supporting Files";
			sourceTree = "<group>";
		};
		C1EF1B01190F35A600A47A7C /* FinalExamTests */ = {
			isa = PBXGroup;
			children = (
				C1EF1B07190F35A600A47A7C /* FinalExamTests.m */,
				C1EF1B02190F35A600A47A7C /* Supporting Files */,
			);
			path = FinalExamTests;
			sourceTree = "<group>";
		};
		C1EF1B02190F35A600A47A7C /* Supporting Files */ = {
			isa = PBXGroup;
			children = (
				C1EF1B03190F35A600A47A7C /* FinalExamTests-Info.plist */,
				C1EF1B04190F35A600A47A7C /* InfoPlist.strings */,
			);
			name = "Supporting Files";
			sourceTree = "<group>";
		};
/* End PBXGroup section */

/* Begin PBXNativeTarget section */
		C1EF1AD5190F35A500A47A7C /* FinalExam */ = {
			isa = PBXNativeTarget;
			buildConfigurationList = C1EF1B0B190F35A600A47A7C /* Build configuration list for PBXNativeTarget "FinalExam" */;
			buildPhases = (
				C1EF1AD2190F35A500A47A7C /* Sources */,
				C1EF1AD3190F35A500A47A7C /* Frameworks */,
				C1EF1AD4190F35A500A47A7C /* Resources */,
			);
			buildRules = (
			);
			dependencies = (
			);
			name = FinalExam;
			productName = FinalExam;
			productReference = C1EF1AD6190F35A500A47A7C /* FinalExam.app */;
			productType = "com.apple.product-type.application";
		};
		C1EF1AF9190F35A600A47A7C /* FinalExamTests */ = {
			isa = PBXNativeTarget;
			buildConfigurationList = C1EF1B0E190F35A600A47A7C /* Build configuration list for PBXNativeTarget "FinalExamTests" */;
			buildPhases = (
				C1EF1AF6190F35A600A47A7C /* Sources */,
				C1EF1AF7190F35A600A47A7C /* Frameworks */,
				C1EF1AF8190F35A600A47A7C /* Resources */,
			);
			buildRules = (
			);
			dependencies = (
				C1EF1B00190F35A600A47A7C /* PBXTargetDependency */,
			);
			name = FinalExamTests;
			productName = FinalExamTests;
			productReference = C1EF1AFA190F35A600A47A7C /* FinalExamTests.xctest */;
			productType = "com.apple.product-type.bundle.unit-test";
		};
/* End PBXNativeTarget section */

/* Begin PBXProject section */
		C1EF1ACE190F35A500A47A7C /* Project object */ = {
			isa = PBXProject;
			attributes = {
				LastUpgradeCheck = 0510;
				ORGANIZATIONNAME = "Ileana Padilla";
				TargetAttributes = {
					C1EF1AF9190F35A600A47A7C = {
						TestTargetID = C1EF1AD5190F35A500A47A7C;
					};
				};
			};
			buildConfigurationList = C1EF1AD1190F35A500A47A7C /* Build configuration list for PBXProject "FinalExam" */;
			compatibilityVersion = "Xcode 3.2";
			developmentRegion = English;
			hasScannedForEncodings = 0;
			knownRegions = (
				en,
				Base,
			);
			mainGroup = C1EF1ACD190F35A500A47A7C;
			productRefGroup = C1EF1AD7190F35A500A47A7C /* Products */;
			projectDirPath = "";
			projectRoot = "";
			targets = (
				C1EF1AD5190F35A500A47A7C /* FinalExam */,
				C1EF1AF9190F35A600A47A7C /* FinalExamTests */,
			);
		};
/* End PBXProject section */

/* Begin PBXResourcesBuildPhase section */
		C1EF1AD4190F35A500A47A7C /* Resources */ = {
			isa = PBXResourcesBuildPhase;
			buildActionMask = 2147483647;
			files = (
				C1EF1AF5190F35A600A47A7C /* Images.xcassets in Resources */,
				C1EF1AE4190F35A500A47A7C /* InfoPlist.strings in Resources */,
				C1EF1AED190F35A500A47A7C /* Main.storyboard in Resources */,
			);
			runOnlyForDeploymentPostprocessing = 0;
		};
		C1EF1AF8190F35A600A47A7C /* Resources */ = {
			isa = PBXResourcesBuildPhase;
			buildActionMask = 2147483647;
			files = (
				C1EF1B06190F35A600A47A7C /* InfoPlist.strings in Resources */,
			);
			runOnlyForDeploymentPostprocessing = 0;
		};
/* End PBXResourcesBuildPhase section */

/* Begin PBXSourcesBuildPhase section */
		C1EF1AD2190F35A500A47A7C /* Sources */ = {
			isa = PBXSourcesBuildPhase;
			buildActionMask = 2147483647;
			files = (
				C1EF1AF3190F35A500A47A7C /* SecondViewController.m in Sources */,
				C1EF1AEA190F35A500A47A7C /* AppDelegate.m in Sources */,
				C1EF1AF0190F35A500A47A7C /* FirstViewController.m in Sources */,
				C1EF1AE6190F35A500A47A7C /* main.m in Sources */,
			);
			runOnlyForDeploymentPostprocessing = 0;
		};
		C1EF1AF6190F35A600A47A7C /* Sources */ = {
			isa = PBXSourcesBuildPhase;
			buildActionMask = 2147483647;
			files = (
				C1EF1B08190F35A600A47A7C /* FinalExamTests.m in Sources */,
			);
			runOnlyForDeploymentPostprocessing = 0;
		};
/* End PBXSourcesBuildPhase section */

/* Begin PBXTargetDependency section */
		C1EF1B00190F35A600A47A7C /* PBXTargetDependency */ = {
			isa = PBXTargetDependency;
			target = C1EF1AD5190F35A500A47A7C /* FinalExam */;
			targetProxy = C1EF1AFF190F35A600A47A7C /* PBXContainerItemProxy */;
		};
/* End PBXTargetDependency section */

/* Begin PBXVariantGroup section */
		C1EF1AE2190F35A500A47A7C /* InfoPlist.strings */ = {
			isa = PBXVariantGroup;
			children = (
				C1EF1AE3190F35A500A47A7C /* en */,
			);
			name = InfoPlist.strings;
			sourceTree = "<group>";
		};
		C1EF1AEB190F35A500A47A7C /* Main.storyboard */ = {
			isa = PBXVariantGroup;
			children = (
				C1EF1AEC190F35A500A47A7C /* Base */,
			);
			name = Main.storyboard;
			sourceTree = "<group>";
		};
		C1EF1B04190F35A600A47A7C /* InfoPlist.strings */ = {
			isa = PBXVariantGroup;
			children = (
				C1EF1B05190F35A600A47A7C /* en */,
			);
			name = InfoPlist.strings;
			sourceTree = "<group>";
		};
/* End PBXVariantGroup section */

/* Begin XCBuildConfiguration section */
		C1EF1B09190F35A600A47A7C /* Debug */ = {
			isa = XCBuildConfiguration;
			buildSettings = {
				ALWAYS_SEARCH_USER_PATHS = NO;
				CLANG_CXX_LANGUAGE_STANDARD = "gnu++0x";
				CLANG_CXX_LIBRARY = "libc++";
				CLANG_ENABLE_MODULES = YES;
				CLANG_ENABLE_OBJC_ARC = YES;
				CLANG_WARN_BOOL_CONVERSION = YES;
				CLANG_WARN_CONSTANT_CONVERSION = YES;
				CLANG_WARN_DIRECT_OBJC_ISA_USAGE = YES_ERROR;
				CLANG_WARN_EMPTY_BODY = YES;
				CLANG_WARN_ENUM_CONVERSION = YES;
				CLANG_WARN_INT_CONVERSION = YES;
				CLANG_WARN_OBJC_ROOT_CLASS = YES_ERROR;
				CLANG_WARN__DUPLICATE_METHOD_MATCH = YES;
				"CODE_SIGN_IDENTITY[sdk=iphoneos*]" = "iPhone Developer";
				COPY_PHASE_STRIP = NO;
				GCC_C_LANGUAGE_STANDARD = gnu99;
				GCC_DYNAMIC_NO_PIC = NO;
				GCC_OPTIMIZATION_LEVEL = 0;
				GCC_PREPROCESSOR_DEFINITIONS = (
					"DEBUG=1",
					"$(inherited)",
				);
				GCC_SYMBOLS_PRIVATE_EXTERN = NO;
				GCC_WARN_64_TO_32_BIT_CONVERSION = YES;
				GCC_WARN_ABOUT_RETURN_TYPE = YES_ERROR;
				GCC_WARN_UNDECLARED_SELECTOR = YES;
				GCC_WARN_UNINITIALIZED_AUTOS = YES_AGGRESSIVE;
				GCC_WARN_UNUSED_FUNCTION = YES;
				GCC_WARN_UNUSED_VARIABLE = YES;
				IPHONEOS_DEPLOYMENT_TARGET = 7.1;
				ONLY_ACTIVE_ARCH = YES;
				SDKROOT = iphoneos;
			};
			name = Debug;
		};
		C1EF1B0A190F35A600A47A7C /* Release */ = {
			isa = XCBuildConfiguration;
			buildSettings = {
				ALWAYS_SEARCH_USER_PATHS = NO;
				CLANG_CXX_LANGUAGE_STANDARD = "gnu++0x";
				CLANG_CXX_LIBRARY = "libc++";
				CLANG_ENABLE_MODULES = YES;
				CLANG_ENABLE_OBJC_ARC = YES;
				CLANG_WARN_BOOL_CONVERSION = YES;
				CLANG_WARN_CONSTANT_CONVERSION = YES;
				CLANG_WARN_DIRECT_OBJC_ISA_USAGE = YES_ERROR;
				CLANG_WARN_EMPTY_BODY = YES;
				CLANG_WARN_ENUM_CONVERSION = YES;
				CLANG_WARN_INT_CONVERSION = YES;
				CLANG_WARN_OBJC_ROOT_CLASS = YES_ERROR;
				CLANG_WARN__DUPLICATE_METHOD_MATCH = YES;
				"CODE_SIGN_IDENTITY[sdk=iphoneos*]" = "iPhone Developer";
				COPY_PHASE_STRIP = YES;
				ENABLE_NS_ASSERTIONS = NO;
				GCC_C_LANGUAGE_STANDARD = gnu99;
				GCC_WARN_64_TO_32_BIT_CONVERSION = YES;
				GCC_WARN_ABOUT_RETURN_TYPE = YES_ERROR;
				GCC_WARN_UNDECLARED_SELECTOR = YES;
				GCC_WARN_UNINITIALIZED_AUTOS = YES_AGGRESSIVE;
				GCC_WARN_UNUSED_FUNCTION = YES;
				GCC_WARN_UNUSED_VARIABLE = YES;
				IPHONEOS_DEPLOYMENT_TARGET = 7.1;
				SDKROOT = iphoneos;
				VALIDATE_PRODUCT = YES;
			};
			name = Release;
		};
		C1EF1B0C190F35A600A47A7C /* Debug */ = {
			isa = XCBuildConfiguration;
			buildSettings = {
				ASSETCATALOG_COMPILER_APPICON_NAME = AppIcon;
				ASSETCATALOG_COMPILER_LAUNCHIMAGE_NAME = LaunchImage;
				GCC_PRECOMPILE_PREFIX_HEADER = YES;
				GCC_PREFIX_HEADER = "FinalExam/FinalExam-Prefix.pch";
				INFOPLIST_FILE = "FinalExam/FinalExam-Info.plist";
				PRODUCT_NAME = "$(TARGET_NAME)";
				WRAPPER_EXTENSION = app;
			};
			name = Debug;
		};
		C1EF1B0D190F35A600A47A7C /* Release */ = {
			isa = XCBuildConfiguration;
			buildSettings = {
				ASSETCATALOG_COMPILER_APPICON_NAME = AppIcon;
				ASSETCATALOG_COMPILER_LAUNCHIMAGE_NAME = LaunchImage;
				GCC_PRECOMPILE_PREFIX_HEADER = YES;
				GCC_PREFIX_HEADER = "FinalExam/FinalExam-Prefix.pch";
				INFOPLIST_FILE = "FinalExam/FinalExam-Info.plist";
				PRODUCT_NAME = "$(TARGET_NAME)";
				WRAPPER_EXTENSION = app;
			};
			name = Release;
		};
		C1EF1B0F190F35A600A47A7C /* Debug */ = {
			isa = XCBuildConfiguration;
			buildSettings = {
				BUNDLE_LOADER = "$(BUILT_PRODUCTS_DIR)/FinalExam.app/FinalExam";
				FRAMEWORK_SEARCH_PATHS = (
					"$(SDKROOT)/Developer/Library/Frameworks",
					"$(inherited)",
					"$(DEVELOPER_FRAMEWORKS_DIR)",
				);
				GCC_PRECOMPILE_PREFIX_HEADER = YES;
				GCC_PREFIX_HEADER = "FinalExam/FinalExam-Prefix.pch";
				GCC_PREPROCESSOR_DEFINITIONS = (
					"DEBUG=1",
					"$(inherited)",
				);
				INFOPLIST_FILE = "FinalExamTests/FinalExamTests-Info.plist";
				PRODUCT_NAME = "$(TARGET_NAME)";
				TEST_HOST = "$(BUNDLE_LOADER)";
				WRAPPER_EXTENSION = xctest;
			};
			name = Debug;
		};
		C1EF1B10190F35A600A47A7C /* Release */ = {
			isa = XCBuildConfiguration;
			buildSettings = {
				BUNDLE_LOADER = "$(BUILT_PRODUCTS_DIR)/FinalExam.app/FinalExam";
				FRAMEWORK_SEARCH_PATHS = (
					"$(SDKROOT)/Developer/Library/Frameworks",
					"$(inherited)",
					"$(DEVELOPER_FRAMEWORKS_DIR)",
				);
				GCC_PRECOMPILE_PREFIX_HEADER = YES;
				GCC_PREFIX_HEADER = "FinalExam/FinalExam-Prefix.pch";
				INFOPLIST_FILE = "FinalExamTests/FinalExamTests-Info.plist";
				PRODUCT_NAME = "$(TARGET_NAME)";
				TEST_HOST = "$(BUNDLE_LOADER)";
				WRAPPER_EXTENSION = xctest;
			};
			name = Release;
		};
/* End XCBuildConfiguration section */

/* Begin XCConfigurationList section */
		C1EF1AD1190F35A500A47A7C /* Build configuration list for PBXProject "FinalExam" */ = {
			isa = XCConfigurationList;
			buildConfigurations = (
				C1EF1B09190F35A600A47A7C /* Debug */,
				C1EF1B0A190F35A600A47A7C /* Release */,
			);
			defaultConfigurationIsVisible = 0;
			defaultConfigurationName = Release;
		};
		C1EF1B0B190F35A600A47A7C /* Build configuration list for PBXNativeTarget "FinalExam" */ = {
			isa = XCConfigurationList;
			buildConfigurations = (
				C1EF1B0C190F35A600A47A7C /* Debug */,
				C1EF1B0D190F35A600A47A7C /* Release */,
			);
			defaultConfigurationIsVisible = 0;
		};
		C1EF1B0E190F35A600A47A7C /* Build configuration list for PBXNativeTarget "FinalExamTests" */ = {
			isa = XCConfigurationList;
			buildConfigurations = (
				C1EF1B0F190F35A600A47A7C /* Debug */,
				C1EF1B10190F35A600A47A7C /* Release */,
			);
			defaultConfigurationIsVisible = 0;
		};
/* End XCConfigurationList section */
	};
	rootObject = C1EF1ACE190F35A500A47A7C /* Project object */;
}
